
Microsoft Visual Studio Solution File, Format Version 12.00
Project("{2150E333-8FDC-42A3-9474-1A3956D46DE8}") = "src", "src", "{6DE51EEB-A944-475E-8C6D-4C4B69036613}"
EndProject
Project("{FAE04EC0-301F-11D3-BF4B-00C04F79EFBC}") = "Projection", "src\Projection\Projection.csproj", "{65D028FF-ACA3-44B6-B8E0-02B092A318C4}"
EndProject
Project("{FAE04EC0-301F-11D3-BF4B-00C04F79EFBC}") = "Filtering", "src\Filtering\Filtering.csproj", "{70D572A7-3749-4396-9B3D-6E071DF6700A}"
EndProject
Project("{FAE04EC0-301F-11D3-BF4B-00C04F79EFBC}") = "Sorting", "src\Sorting\Sorting.csproj", "{1D64806E-98DE-4369-9B70-E626480AF2E3}"
EndProject
Project("{FAE04EC0-301F-11D3-BF4B-00C04F79EFBC}") = "Quantifier", "src\Quantifier\Quantifier.csproj", "{0AB6EDED-FB38-4B1F-9D71-5DC84BF532DB}"
EndProject
Project("{FAE04EC0-301F-11D3-BF4B-00C04F79EFBC}") = "Aggregate", "src\Aggregate\Aggregate.csproj", "{70D045BE-4B2B-4699-A7C1-4DE501E886FA}"
EndProject
Project("{FAE04EC0-301F-11D3-BF4B-00C04F79EFBC}") = "Set", "src\Set\Set.csproj", "{A20E97E6-CFD3-4840-8183-6911DECC2F36}"
EndProject
Project("{FAE04EC0-301F-11D3-BF4B-00C04F79EFBC}") = "Element", "src\Element\Element.csproj", "{3CB28CC8-BEF2-4AEB-8ECB-D32CCC88FC79}"
EndProject
Project("{FAE04EC0-301F-11D3-BF4B-00C04F79EFBC}") = "Grouping", "src\Grouping\Grouping.csproj", "{3FF27883-8841-46E7-A095-1FE95D19AFD4}"
EndProject
Project("{FAE04EC0-301F-11D3-BF4B-00C04F79EFBC}") = "Join", "src\Join\Join.csproj", "{1EC6268E-64D4-46EC-ABE8-831F94182D87}"
EndProject
Project("{FAE04EC0-301F-11D3-BF4B-00C04F79EFBC}") = "Partitioning", "src\Partitioning\Partitioning.csproj", "{43550914-3ECF-4D48-A722-E384BA5364FC}"
EndProject
Project("{FAE04EC0-301F-11D3-BF4B-00C04F79EFBC}") = "Conversion", "src\Conversion\Conversion.csproj", "{37DB1AD3-3174-42D2-80C3-37B38AE065D4}"
EndProject
Project("{FAE04EC0-301F-11D3-BF4B-00C04F79EFBC}") = "Generation", "src\Generation\Generation.csproj", "{9EB4F728-F708-4D1F-A836-51187F9C2967}"
EndProject
Global
	GlobalSection(SolutionConfigurationPlatforms) = preSolution
		Debug|Any CPU = Debug|Any CPU
		Release|Any CPU = Release|Any CPU
	EndGlobalSection
	GlobalSection(NestedProjects) = preSolution
		{65D028FF-ACA3-44B6-B8E0-02B092A318C4} = {6DE51EEB-A944-475E-8C6D-4C4B69036613}
		{70D572A7-3749-4396-9B3D-6E071DF6700A} = {6DE51EEB-A944-475E-8C6D-4C4B69036613}
		{1D64806E-98DE-4369-9B70-E626480AF2E3} = {6DE51EEB-A944-475E-8C6D-4C4B69036613}
		{0AB6EDED-FB38-4B1F-9D71-5DC84BF532DB} = {6DE51EEB-A944-475E-8C6D-4C4B69036613}
		{70D045BE-4B2B-4699-A7C1-4DE501E886FA} = {6DE51EEB-A944-475E-8C6D-4C4B69036613}
		{A20E97E6-CFD3-4840-8183-6911DECC2F36} = {6DE51EEB-A944-475E-8C6D-4C4B69036613}
		{3CB28CC8-BEF2-4AEB-8ECB-D32CCC88FC79} = {6DE51EEB-A944-475E-8C6D-4C4B69036613}
		{3FF27883-8841-46E7-A095-1FE95D19AFD4} = {6DE51EEB-A944-475E-8C6D-4C4B69036613}
		{1EC6268E-64D4-46EC-ABE8-831F94182D87} = {6DE51EEB-A944-475E-8C6D-4C4B69036613}
		{43550914-3ECF-4D48-A722-E384BA5364FC} = {6DE51EEB-A944-475E-8C6D-4C4B69036613}
		{37DB1AD3-3174-42D2-80C3-37B38AE065D4} = {6DE51EEB-A944-475E-8C6D-4C4B69036613}
		{9EB4F728-F708-4D1F-A836-51187F9C2967} = {6DE51EEB-A944-475E-8C6D-4C4B69036613}
	EndGlobalSection
	GlobalSection(ProjectConfigurationPlatforms) = postSolution
		{65D028FF-ACA3-44B6-B8E0-02B092A318C4}.Debug|Any CPU.ActiveCfg = Debug|Any CPU
		{65D028FF-ACA3-44B6-B8E0-02B092A318C4}.Debug|Any CPU.Build.0 = Debug|Any CPU
		{65D028FF-ACA3-44B6-B8E0-02B092A318C4}.Release|Any CPU.ActiveCfg = Release|Any CPU
		{65D028FF-ACA3-44B6-B8E0-02B092A318C4}.Release|Any CPU.Build.0 = Release|Any CPU
		{70D572A7-3749-4396-9B3D-6E071DF6700A}.Debug|Any CPU.ActiveCfg = Debug|Any CPU
		{70D572A7-3749-4396-9B3D-6E071DF6700A}.Debug|Any CPU.Build.0 = Debug|Any CPU
		{70D572A7-3749-4396-9B3D-6E071DF6700A}.Release|Any CPU.ActiveCfg = Release|Any CPU
		{70D572A7-3749-4396-9B3D-6E071DF6700A}.Release|Any CPU.Build.0 = Release|Any CPU
		{1D64806E-98DE-4369-9B70-E626480AF2E3}.Debug|Any CPU.ActiveCfg = Debug|Any CPU
		{1D64806E-98DE-4369-9B70-E626480AF2E3}.Debug|Any CPU.Build.0 = Debug|Any CPU
		{1D64806E-98DE-4369-9B70-E626480AF2E3}.Release|Any CPU.ActiveCfg = Release|Any CPU
		{1D64806E-98DE-4369-9B70-E626480AF2E3}.Release|Any CPU.Build.0 = Release|Any CPU
		{0AB6EDED-FB38-4B1F-9D71-5DC84BF532DB}.Debug|Any CPU.ActiveCfg = Debug|Any CPU
		{0AB6EDED-FB38-4B1F-9D71-5DC84BF532DB}.Debug|Any CPU.Build.0 = Debug|Any CPU
		{0AB6EDED-FB38-4B1F-9D71-5DC84BF532DB}.Release|Any CPU.ActiveCfg = Release|Any CPU
		{0AB6EDED-FB38-4B1F-9D71-5DC84BF532DB}.Release|Any CPU.Build.0 = Release|Any CPU
		{70D045BE-4B2B-4699-A7C1-4DE501E886FA}.Debug|Any CPU.ActiveCfg = Debug|Any CPU
		{70D045BE-4B2B-4699-A7C1-4DE501E886FA}.Debug|Any CPU.Build.0 = Debug|Any CPU
		{70D045BE-4B2B-4699-A7C1-4DE501E886FA}.Release|Any CPU.ActiveCfg = Release|Any CPU
		{70D045BE-4B2B-4699-A7C1-4DE501E886FA}.Release|Any CPU.Build.0 = Release|Any CPU
		{A20E97E6-CFD3-4840-8183-6911DECC2F36}.Debug|Any CPU.ActiveCfg = Debug|Any CPU
		{A20E97E6-CFD3-4840-8183-6911DECC2F36}.Debug|Any CPU.Build.0 = Debug|Any CPU
		{A20E97E6-CFD3-4840-8183-6911DECC2F36}.Release|Any CPU.ActiveCfg = Release|Any CPU
		{A20E97E6-CFD3-4840-8183-6911DECC2F36}.Release|Any CPU.Build.0 = Release|Any CPU
		{3CB28CC8-BEF2-4AEB-8ECB-D32CCC88FC79}.Debug|Any CPU.ActiveCfg = Debug|Any CPU
		{3CB28CC8-BEF2-4AEB-8ECB-D32CCC88FC79}.Debug|Any CPU.Build.0 = Debug|Any CPU
		{3CB28CC8-BEF2-4AEB-8ECB-D32CCC88FC79}.Release|Any CPU.ActiveCfg = Release|Any CPU
		{3CB28CC8-BEF2-4AEB-8ECB-D32CCC88FC79}.Release|Any CPU.Build.0 = Release|Any CPU
		{3FF27883-8841-46E7-A095-1FE95D19AFD4}.Debug|Any CPU.ActiveCfg = Debug|Any CPU
		{3FF27883-8841-46E7-A095-1FE95D19AFD4}.Debug|Any CPU.Build.0 = Debug|Any CPU
		{3FF27883-8841-46E7-A095-1FE95D19AFD4}.Release|Any CPU.ActiveCfg = Release|Any CPU
		{3FF27883-8841-46E7-A095-1FE95D19AFD4}.Release|Any CPU.Build.0 = Release|Any CPU
		{1EC6268E-64D4-46EC-ABE8-831F94182D87}.Debug|Any CPU.ActiveCfg = Debug|Any CPU
		{1EC6268E-64D4-46EC-ABE8-831F94182D87}.Debug|Any CPU.Build.0 = Debug|Any CPU
		{1EC6268E-64D4-46EC-ABE8-831F94182D87}.Release|Any CPU.ActiveCfg = Release|Any CPU
		{1EC6268E-64D4-46EC-ABE8-831F94182D87}.Release|Any CPU.Build.0 = Release|Any CPU
		{43550914-3ECF-4D48-A722-E384BA5364FC}.Debug|Any CPU.ActiveCfg = Debug|Any CPU
		{43550914-3ECF-4D48-A722-E384BA5364FC}.Debug|Any CPU.Build.0 = Debug|Any CPU
		{43550914-3ECF-4D48-A722-E384BA5364FC}.Release|Any CPU.ActiveCfg = Release|Any CPU
		{43550914-3ECF-4D48-A722-E384BA5364FC}.Release|Any CPU.Build.0 = Release|Any CPU
		{37DB1AD3-3174-42D2-80C3-37B38AE065D4}.Debug|Any CPU.ActiveCfg = Debug|Any CPU
		{37DB1AD3-3174-42D2-80C3-37B38AE065D4}.Debug|Any CPU.Build.0 = Debug|Any CPU
		{37DB1AD3-3174-42D2-80C3-37B38AE065D4}.Release|Any CPU.ActiveCfg = Release|Any CPU
		{37DB1AD3-3174-42D2-80C3-37B38AE065D4}.Release|Any CPU.Build.0 = Release|Any CPU
		{9EB4F728-F708-4D1F-A836-51187F9C2967}.Debug|Any CPU.ActiveCfg = Debug|Any CPU
		{9EB4F728-F708-4D1F-A836-51187F9C2967}.Debug|Any CPU.Build.0 = Debug|Any CPU
		{9EB4F728-F708-4D1F-A836-51187F9C2967}.Release|Any CPU.ActiveCfg = Release|Any CPU
		{9EB4F728-F708-4D1F-A836-51187F9C2967}.Release|Any CPU.Build.0 = Release|Any CPU
	EndGlobalSection
EndGlobal
