
Microsoft Visual Studio Solution File, Format Version 12.00
# Visual Studio Version 17
VisualStudioVersion = 17.12.35527.113 d17.12
MinimumVisualStudioVersion = 10.0.40219.1
Project("{2150E333-8FDC-42A3-9474-1A3956D46DE8}") = "src", "src", "{181779CA-4321-4C0E-A327-E2751C41D3BB}"
EndProject
Project("{9A19103F-16F7-4668-BE54-9A1E7A4F7556}") = "Aggregate", "src\Aggregate\Aggregate.csproj", "{49B2A644-FAF8-44C3-B711-78E42555C9E1}"
EndProject
Project("{9A19103F-16F7-4668-BE54-9A1E7A4F7556}") = "Conversion", "src\Conversion\Conversion.csproj", "{D007C68B-84BC-4A2C-9F26-108EEBE98332}"
EndProject
Project("{9A19103F-16F7-4668-BE54-9A1E7A4F7556}") = "Element", "src\Element\Element.csproj", "{BAD9455E-A225-467B-A44B-C72C42D9052B}"
EndProject
Project("{9A19103F-16F7-4668-BE54-9A1E7A4F7556}") = "Filtering", "src\Filtering\Filtering.csproj", "{082A33A8-1C48-49C1-85B7-D9C33B75542A}"
EndProject
Project("{9A19103F-16F7-4668-BE54-9A1E7A4F7556}") = "Generation", "src\Generation\Generation.csproj", "{1616D139-2CA8-485B-B19A-085393600373}"
EndProject
Project("{9A19103F-16F7-4668-BE54-9A1E7A4F7556}") = "Grouping", "src\Grouping\Grouping.csproj", "{D6128F14-6C82-44E8-851F-CD8F97477584}"
EndProject
Project("{9A19103F-16F7-4668-BE54-9A1E7A4F7556}") = "Join", "src\Join\Join.csproj", "{388F65B7-471A-48B1-9650-9C7772CE2B72}"
EndProject
Project("{9A19103F-16F7-4668-BE54-9A1E7A4F7556}") = "Partitioning", "src\Partitioning\Partitioning.csproj", "{ECC67321-044F-4918-84D6-1A28BD00F111}"
EndProject
Project("{9A19103F-16F7-4668-BE54-9A1E7A4F7556}") = "Projection", "src\Projection\Projection.csproj", "{A8A15936-7014-45C7-A730-A0C5991618AF}"
EndProject
Project("{9A19103F-16F7-4668-BE54-9A1E7A4F7556}") = "Quantifier", "src\Quantifier\Quantifier.csproj", "{690018D1-6A52-47DF-B79A-E140169A20F4}"
EndProject
Project("{9A19103F-16F7-4668-BE54-9A1E7A4F7556}") = "Set", "src\Set\Set.csproj", "{615080C6-BFCA-42D6-A4CE-F59C47E91F45}"
EndProject
Project("{9A19103F-16F7-4668-BE54-9A1E7A4F7556}") = "Sorting", "src\Sorting\Sorting.csproj", "{2AB84D5E-3F79-42BE-8CE4-084D4635AB05}"
EndProject
Global
	GlobalSection(SolutionConfigurationPlatforms) = preSolution
		Debug|Any CPU = Debug|Any CPU
		Release|Any CPU = Release|Any CPU
	EndGlobalSection
	GlobalSection(ProjectConfigurationPlatforms) = postSolution
		{49B2A644-FAF8-44C3-B711-78E42555C9E1}.Debug|Any CPU.ActiveCfg = Debug|Any CPU
		{49B2A644-FAF8-44C3-B711-78E42555C9E1}.Debug|Any CPU.Build.0 = Debug|Any CPU
		{49B2A644-FAF8-44C3-B711-78E42555C9E1}.Release|Any CPU.ActiveCfg = Release|Any CPU
		{49B2A644-FAF8-44C3-B711-78E42555C9E1}.Release|Any CPU.Build.0 = Release|Any CPU
		{D007C68B-84BC-4A2C-9F26-108EEBE98332}.Debug|Any CPU.ActiveCfg = Debug|Any CPU
		{D007C68B-84BC-4A2C-9F26-108EEBE98332}.Debug|Any CPU.Build.0 = Debug|Any CPU
		{D007C68B-84BC-4A2C-9F26-108EEBE98332}.Release|Any CPU.ActiveCfg = Release|Any CPU
		{D007C68B-84BC-4A2C-9F26-108EEBE98332}.Release|Any CPU.Build.0 = Release|Any CPU
		{BAD9455E-A225-467B-A44B-C72C42D9052B}.Debug|Any CPU.ActiveCfg = Debug|Any CPU
		{BAD9455E-A225-467B-A44B-C72C42D9052B}.Debug|Any CPU.Build.0 = Debug|Any CPU
		{BAD9455E-A225-467B-A44B-C72C42D9052B}.Release|Any CPU.ActiveCfg = Release|Any CPU
		{BAD9455E-A225-467B-A44B-C72C42D9052B}.Release|Any CPU.Build.0 = Release|Any CPU
		{082A33A8-1C48-49C1-85B7-D9C33B75542A}.Debug|Any CPU.ActiveCfg = Debug|Any CPU
		{082A33A8-1C48-49C1-85B7-D9C33B75542A}.Debug|Any CPU.Build.0 = Debug|Any CPU
		{082A33A8-1C48-49C1-85B7-D9C33B75542A}.Release|Any CPU.ActiveCfg = Release|Any CPU
		{082A33A8-1C48-49C1-85B7-D9C33B75542A}.Release|Any CPU.Build.0 = Release|Any CPU
		{1616D139-2CA8-485B-B19A-085393600373}.Debug|Any CPU.ActiveCfg = Debug|Any CPU
		{1616D139-2CA8-485B-B19A-085393600373}.Debug|Any CPU.Build.0 = Debug|Any CPU
		{1616D139-2CA8-485B-B19A-085393600373}.Release|Any CPU.ActiveCfg = Release|Any CPU
		{1616D139-2CA8-485B-B19A-085393600373}.Release|Any CPU.Build.0 = Release|Any CPU
		{D6128F14-6C82-44E8-851F-CD8F97477584}.Debug|Any CPU.ActiveCfg = Debug|Any CPU
		{D6128F14-6C82-44E8-851F-CD8F97477584}.Debug|Any CPU.Build.0 = Debug|Any CPU
		{D6128F14-6C82-44E8-851F-CD8F97477584}.Release|Any CPU.ActiveCfg = Release|Any CPU
		{D6128F14-6C82-44E8-851F-CD8F97477584}.Release|Any CPU.Build.0 = Release|Any CPU
		{388F65B7-471A-48B1-9650-9C7772CE2B72}.Debug|Any CPU.ActiveCfg = Debug|Any CPU
		{388F65B7-471A-48B1-9650-9C7772CE2B72}.Debug|Any CPU.Build.0 = Debug|Any CPU
		{388F65B7-471A-48B1-9650-9C7772CE2B72}.Release|Any CPU.ActiveCfg = Release|Any CPU
		{388F65B7-471A-48B1-9650-9C7772CE2B72}.Release|Any CPU.Build.0 = Release|Any CPU
		{ECC67321-044F-4918-84D6-1A28BD00F111}.Debug|Any CPU.ActiveCfg = Debug|Any CPU
		{ECC67321-044F-4918-84D6-1A28BD00F111}.Debug|Any CPU.Build.0 = Debug|Any CPU
		{ECC67321-044F-4918-84D6-1A28BD00F111}.Release|Any CPU.ActiveCfg = Release|Any CPU
		{ECC67321-044F-4918-84D6-1A28BD00F111}.Release|Any CPU.Build.0 = Release|Any CPU
		{A8A15936-7014-45C7-A730-A0C5991618AF}.Debug|Any CPU.ActiveCfg = Debug|Any CPU
		{A8A15936-7014-45C7-A730-A0C5991618AF}.Debug|Any CPU.Build.0 = Debug|Any CPU
		{A8A15936-7014-45C7-A730-A0C5991618AF}.Release|Any CPU.ActiveCfg = Release|Any CPU
		{A8A15936-7014-45C7-A730-A0C5991618AF}.Release|Any CPU.Build.0 = Release|Any CPU
		{690018D1-6A52-47DF-B79A-E140169A20F4}.Debug|Any CPU.ActiveCfg = Debug|Any CPU
		{690018D1-6A52-47DF-B79A-E140169A20F4}.Debug|Any CPU.Build.0 = Debug|Any CPU
		{690018D1-6A52-47DF-B79A-E140169A20F4}.Release|Any CPU.ActiveCfg = Release|Any CPU
		{690018D1-6A52-47DF-B79A-E140169A20F4}.Release|Any CPU.Build.0 = Release|Any CPU
		{615080C6-BFCA-42D6-A4CE-F59C47E91F45}.Debug|Any CPU.ActiveCfg = Debug|Any CPU
		{615080C6-BFCA-42D6-A4CE-F59C47E91F45}.Debug|Any CPU.Build.0 = Debug|Any CPU
		{615080C6-BFCA-42D6-A4CE-F59C47E91F45}.Release|Any CPU.ActiveCfg = Release|Any CPU
		{615080C6-BFCA-42D6-A4CE-F59C47E91F45}.Release|Any CPU.Build.0 = Release|Any CPU
		{2AB84D5E-3F79-42BE-8CE4-084D4635AB05}.Debug|Any CPU.ActiveCfg = Debug|Any CPU
		{2AB84D5E-3F79-42BE-8CE4-084D4635AB05}.Debug|Any CPU.Build.0 = Debug|Any CPU
		{2AB84D5E-3F79-42BE-8CE4-084D4635AB05}.Release|Any CPU.ActiveCfg = Release|Any CPU
		{2AB84D5E-3F79-42BE-8CE4-084D4635AB05}.Release|Any CPU.Build.0 = Release|Any CPU
	EndGlobalSection
	GlobalSection(SolutionProperties) = preSolution
		HideSolutionNode = FALSE
	EndGlobalSection
	GlobalSection(NestedProjects) = preSolution
		{49B2A644-FAF8-44C3-B711-78E42555C9E1} = {181779CA-4321-4C0E-A327-E2751C41D3BB}
		{D007C68B-84BC-4A2C-9F26-108EEBE98332} = {181779CA-4321-4C0E-A327-E2751C41D3BB}
		{BAD9455E-A225-467B-A44B-C72C42D9052B} = {181779CA-4321-4C0E-A327-E2751C41D3BB}
		{082A33A8-1C48-49C1-85B7-D9C33B75542A} = {181779CA-4321-4C0E-A327-E2751C41D3BB}
		{1616D139-2CA8-485B-B19A-085393600373} = {181779CA-4321-4C0E-A327-E2751C41D3BB}
		{D6128F14-6C82-44E8-851F-CD8F97477584} = {181779CA-4321-4C0E-A327-E2751C41D3BB}
		{388F65B7-471A-48B1-9650-9C7772CE2B72} = {181779CA-4321-4C0E-A327-E2751C41D3BB}
		{ECC67321-044F-4918-84D6-1A28BD00F111} = {181779CA-4321-4C0E-A327-E2751C41D3BB}
		{A8A15936-7014-45C7-A730-A0C5991618AF} = {181779CA-4321-4C0E-A327-E2751C41D3BB}
		{690018D1-6A52-47DF-B79A-E140169A20F4} = {181779CA-4321-4C0E-A327-E2751C41D3BB}
		{615080C6-BFCA-42D6-A4CE-F59C47E91F45} = {181779CA-4321-4C0E-A327-E2751C41D3BB}
		{2AB84D5E-3F79-42BE-8CE4-084D4635AB05} = {181779CA-4321-4C0E-A327-E2751C41D3BB}
	EndGlobalSection
EndGlobal
